github.com/eiannone/keyboard v0.0.0-20200430171636-32d709cec0bd h1:UbaECNorGCZw2IZnAJ6QkuCLnQ9+EP7a5cTyh4w6xgA=
github.com/eiannone/keyboard v0.0.0-20200430171636-32d709cec0bd/go.mod h1:Xoiu5VdKMvbRgHuY7+z64lhu/7lvax/22nzASF6GrO8=
golang.org/x/sys v0.0.0-20200430202703-d923437fa56d h1:xmcims+WSpFuY56YEzkKF6IMDxYAVDRipkQRJfXUBZk=
golang.org/x/sys v0.0.0-20200430202703-d923437fa56d/go.mod h1:h1NjWce9XRLGQEsW7wpKNCjG9DtNlClVuFLEZdDNbEs=
